
Microsoft Visual Studio Solution File, Format Version 12.00
# Visual Studio 2013
VisualStudioVersion = 12.0.40629.0
MinimumVisualStudioVersion = 10.0.40219.1
Project("{8BC9CEB8-8B4A-11D0-8D11-00A0C91BC942}") = "HelloGL", "HelloGL\HelloGL.vcxproj", "{E8F1D9D2-91F4-44CB-8A3E-234205DE3B1C}"
EndProject
Project("{8BC9CEB8-8B4A-11D0-8D11-00A0C91BC942}") = "FirstWindowGLFW", "FirstWindowGLFW\FirstWindowGLFW.vcxproj", "{AE196239-A216-444D-AC1E-8B84749CFAD8}"
EndProject
Project("{8BC9CEB8-8B4A-11D0-8D11-00A0C91BC942}") = "InputManager", "InputManager\InputManager.vcxproj", "{D15DF12F-6679-4EA4-8AE8-6F3AB2D41043}"
EndProject
Project("{8BC9CEB8-8B4A-11D0-8D11-00A0C91BC942}") = "Triangle", "Triangle\Triangle.vcxproj", "{E154EFD8-5127-43A0-AE66-D90F50AF3727}"
EndProject
Project("{8BC9CEB8-8B4A-11D0-8D11-00A0C91BC942}") = "ColorTriangleInTwoBuffers", "ColorTriangleInTwoBuffers\ColorTriangleInTwoBuffers.vcxproj", "{45294DB0-F8AD-48B6-8E42-060F687DD6E4}"
EndProject
Project("{8BC9CEB8-8B4A-11D0-8D11-00A0C91BC942}") = "Rectangle", "Rectangle\Rectangle.vcxproj", "{E7B568C1-B220-422C-8C8B-54DA5613F9D1}"
EndProject
Project("{8BC9CEB8-8B4A-11D0-8D11-00A0C91BC942}") = "ShadersInObject", "ShadersInObject\ShadersInObject.vcxproj", "{15E15FBE-2F02-4EBE-91FF-BE551B017B1C}"
EndProject
Project("{8BC9CEB8-8B4A-11D0-8D11-00A0C91BC942}") = "Transformations", "Transformations\Transformations.vcxproj", "{DDDA5DBA-91B3-4CA0-868F-0B5F7F528CDA}"
EndProject
Project("{8BC9CEB8-8B4A-11D0-8D11-00A0C91BC942}") = "Uniforms", "Uniforms\Uniforms.vcxproj", "{B42DA809-31BA-4501-8540-60A19BB1A444}"
EndProject
Project("{8BC9CEB8-8B4A-11D0-8D11-00A0C91BC942}") = "VertexAttribute", "VertexAttribute\VertexAttribute.vcxproj", "{B784FF9B-3FCF-4E98-A6F9-FF9E4DA8CD6A}"
EndProject
Project("{8BC9CEB8-8B4A-11D0-8D11-00A0C91BC942}") = "LoadTexture", "LoadTexture\LoadTexture.vcxproj", "{BB294DCD-6585-43F1-9B4F-E55051F3BC8F}"
EndProject
Project("{8BC9CEB8-8B4A-11D0-8D11-00A0C91BC942}") = "TextureUnits", "TextureUnits\TextureUnits.vcxproj", "{8D300666-BC48-489C-91BF-62D8E67A1696}"
EndProject
Project("{8BC9CEB8-8B4A-11D0-8D11-00A0C91BC942}") = "RotateCubeWithMVP", "RotateCubeWithMVP\RotateCubeWithMVP.vcxproj", "{81422845-1018-4E55-8045-FE5545CE8862}"
EndProject
Project("{8BC9CEB8-8B4A-11D0-8D11-00A0C91BC942}") = "SistemaCoordenadas", "SistemaCoordenadas\SistemaCoordenadas.vcxproj", "{8F115AC8-0FAB-4EDD-90D7-147490BC547A}"
EndProject
Project("{8BC9CEB8-8B4A-11D0-8D11-00A0C91BC942}") = "CameraCircle", "CameraCircle\CameraCircle.vcxproj", "{2753919C-815D-46A5-BDC0-56C3116E7B3B}"
EndProject
Project("{8BC9CEB8-8B4A-11D0-8D11-00A0C91BC942}") = "CameraFPS", "CameraFPS\CameraFPS.vcxproj", "{F46BE807-8D48-4787-A9CE-6D8D1BD47789}"
EndProject
Project("{8BC9CEB8-8B4A-11D0-8D11-00A0C91BC942}") = "CameraKeyboard", "CameraKeyboard\CameraKeyboard.vcxproj", "{C9CE6987-17D8-4EB2-ABEE-838E08FA95CB}"
EndProject
Project("{8BC9CEB8-8B4A-11D0-8D11-00A0C91BC942}") = "CameraTPS", "CameraTPS\CameraTPS.vcxproj", "{C3772738-7055-49E7-A62F-F519EF4E0F83}"
EndProject
Project("{8BC9CEB8-8B4A-11D0-8D11-00A0C91BC942}") = "CameraTPS2", "CameraTPS2\CameraTPS2.vcxproj", "{6270AD1B-D37B-48C0-B0B8-02987E88EBAC}"
EndProject
Project("{8BC9CEB8-8B4A-11D0-8D11-00A0C91BC942}") = "Plantilla", "Plantilla\Plantilla.vcxproj", "{9D7384DA-C09C-439E-B316-F80A9C5D8F06}"
EndProject
Project("{8BC9CEB8-8B4A-11D0-8D11-00A0C91BC942}") = "SolP1E1", "SolP1E1\SolP1E1.vcxproj", "{579167E6-B6F9-4DF0-9ABD-641A9DD54D68}"
EndProject
Project("{8BC9CEB8-8B4A-11D0-8D11-00A0C91BC942}") = "BasicLighting", "BasicLighting\BasicLighting.vcxproj", "{EA95E9DB-3F3E-494D-80FB-1865D5867B54}"
EndProject
Project("{8BC9CEB8-8B4A-11D0-8D11-00A0C91BC942}") = "Colors", "Colors\Colors.vcxproj", "{5448532F-E43D-41E3-BAAC-88B16EF157E7}"
EndProject
Project("{8BC9CEB8-8B4A-11D0-8D11-00A0C91BC942}") = "DiferentLightColorWithMaterials", "DiferentLightColorWithMaterials\DiferentLightColorWithMaterials.vcxproj", "{1E3D5089-649F-49D8-9372-224790F83A61}"
EndProject
Project("{8BC9CEB8-8B4A-11D0-8D11-00A0C91BC942}") = "LightPropertiesWithMaterials", "LightPropertiesWithMaterials\LightPropertiesWithMaterials.vcxproj", "{A958131C-3137-42E3-8904-0BA844283949}"
EndProject
Project("{8BC9CEB8-8B4A-11D0-8D11-00A0C91BC942}") = "Materials", "Materials\Materials.vcxproj", "{C470A423-EC10-4ACD-BAD0-28506628F520}"
EndProject
Project("{8BC9CEB8-8B4A-11D0-8D11-00A0C91BC942}") = "SolE6T1", "SolE6T1\SolE6T1.vcxproj", "{2A6F1243-560A-4F27-ABCC-A5C3973AD8AC}"
EndProject
Project("{8BC9CEB8-8B4A-11D0-8D11-00A0C91BC942}") = "SolE7T1", "SolE7T1\SolE7T1.vcxproj", "{00D80F04-FEC9-4CD0-BD4A-F345A0CE5762}"
EndProject
Project("{8BC9CEB8-8B4A-11D0-8D11-00A0C91BC942}") = "SolE8T1", "SolE8T1\SolE8T1.vcxproj", "{CAAA6DDF-2DED-4668-B40B-120DCC0D61C2}"
EndProject
Project("{8BC9CEB8-8B4A-11D0-8D11-00A0C91BC942}") = "SolP1E4", "SolP1E4\SolP1E4.vcxproj", "{4FECC30A-9D6A-405C-9F72-A3C95A09453C}"
EndProject
Project("{8BC9CEB8-8B4A-11D0-8D11-00A0C91BC942}") = "LightDifuseMap", "LightDifuseMap\LightDifuseMap.vcxproj", "{8B7A7B90-4114-423C-8B57-E02FE2E91896}"
EndProject
Project("{8BC9CEB8-8B4A-11D0-8D11-00A0C91BC942}") = "LightSpecularMap", "LightSpecularMap\LightSpecularMap.vcxproj", "{7CBCD84B-FF43-461E-A228-CFDCC1D75BEE}"
EndProject
Project("{8BC9CEB8-8B4A-11D0-8D11-00A0C91BC942}") = "LoadModel", "LoadModel\LoadModel.vcxproj", "{D917C765-8D11-45FF-995A-3033CF203B6F}"
EndProject
Project("{8BC9CEB8-8B4A-11D0-8D11-00A0C91BC942}") = "CameraOrbital", "CameraOrbital\CameraOrbital.vcxproj", "{D47D5399-7301-432B-867D-2CFC0BE8220E}"
EndProject
Project("{8BC9CEB8-8B4A-11D0-8D11-00A0C91BC942}") = "LoadModelLighting", "LoadModelLighting\LoadModelLighting.vcxproj", "{EC3069A2-2997-4C8D-A07B-0206933E69B9}"
EndProject
Project("{8BC9CEB8-8B4A-11D0-8D11-00A0C91BC942}") = "CalculateRayWithGLM", "CalculateRayWithGLM\CalculateRayWithGLM.vcxproj", "{9693FC2C-9D34-4982-9010-4782A3D5ADAF}"
EndProject
Project("{8BC9CEB8-8B4A-11D0-8D11-00A0C91BC942}") = "PickingColor", "PickingColor\PickingColor.vcxproj", "{3516F071-319E-4288-9DFE-82C6B016F749}"
EndProject
Project("{8BC9CEB8-8B4A-11D0-8D11-00A0C91BC942}") = "IntegrationOpenAL", "IntegrationOpenAL\IntegrationOpenAL.vcxproj", "{131CAAD5-E292-4E5F-89C3-152FE88C416A}"
EndProject
Project("{8BC9CEB8-8B4A-11D0-8D11-00A0C91BC942}") = "IntegrationSFML", "IntegrationSFML\IntegrationSFML.vcxproj", "{8C7FD30B-38A3-45A2-81BA-71AED6219B8E}"
EndProject
Project("{8BC9CEB8-8B4A-11D0-8D11-00A0C91BC942}") = "ExampleCollision", "ExampleCollision\ExampleCollision.vcxproj", "{05E85FFA-D91C-4DBC-AE2D-9C97F263856E}"
EndProject
Project("{8BC9CEB8-8B4A-11D0-8D11-00A0C91BC942}") = "SourceRotationOpenAL", "SourceRotationOpenAL\SourceRotationOpenAL.vcxproj", "{66568ADB-EDE2-4B74-BD60-26CB0B12A713}"
EndProject
Global
	GlobalSection(SolutionConfigurationPlatforms) = preSolution
		Debug|Win32 = Debug|Win32
		Release|Win32 = Release|Win32
	EndGlobalSection
	GlobalSection(ProjectConfigurationPlatforms) = postSolution
		{E8F1D9D2-91F4-44CB-8A3E-234205DE3B1C}.Debug|Win32.ActiveCfg = Debug|Win32
		{E8F1D9D2-91F4-44CB-8A3E-234205DE3B1C}.Debug|Win32.Build.0 = Debug|Win32
		{E8F1D9D2-91F4-44CB-8A3E-234205DE3B1C}.Release|Win32.ActiveCfg = Release|Win32
		{E8F1D9D2-91F4-44CB-8A3E-234205DE3B1C}.Release|Win32.Build.0 = Release|Win32
		{AE196239-A216-444D-AC1E-8B84749CFAD8}.Debug|Win32.ActiveCfg = Debug|Win32
		{AE196239-A216-444D-AC1E-8B84749CFAD8}.Debug|Win32.Build.0 = Debug|Win32
		{AE196239-A216-444D-AC1E-8B84749CFAD8}.Release|Win32.ActiveCfg = Release|Win32
		{AE196239-A216-444D-AC1E-8B84749CFAD8}.Release|Win32.Build.0 = Release|Win32
		{D15DF12F-6679-4EA4-8AE8-6F3AB2D41043}.Debug|Win32.ActiveCfg = Debug|Win32
		{D15DF12F-6679-4EA4-8AE8-6F3AB2D41043}.Debug|Win32.Build.0 = Debug|Win32
		{D15DF12F-6679-4EA4-8AE8-6F3AB2D41043}.Release|Win32.ActiveCfg = Release|Win32
		{D15DF12F-6679-4EA4-8AE8-6F3AB2D41043}.Release|Win32.Build.0 = Release|Win32
		{E154EFD8-5127-43A0-AE66-D90F50AF3727}.Debug|Win32.ActiveCfg = Debug|Win32
		{E154EFD8-5127-43A0-AE66-D90F50AF3727}.Debug|Win32.Build.0 = Debug|Win32
		{E154EFD8-5127-43A0-AE66-D90F50AF3727}.Release|Win32.ActiveCfg = Release|Win32
		{E154EFD8-5127-43A0-AE66-D90F50AF3727}.Release|Win32.Build.0 = Release|Win32
		{45294DB0-F8AD-48B6-8E42-060F687DD6E4}.Debug|Win32.ActiveCfg = Debug|Win32
		{45294DB0-F8AD-48B6-8E42-060F687DD6E4}.Debug|Win32.Build.0 = Debug|Win32
		{45294DB0-F8AD-48B6-8E42-060F687DD6E4}.Release|Win32.ActiveCfg = Release|Win32
		{45294DB0-F8AD-48B6-8E42-060F687DD6E4}.Release|Win32.Build.0 = Release|Win32
		{E7B568C1-B220-422C-8C8B-54DA5613F9D1}.Debug|Win32.ActiveCfg = Debug|Win32
		{E7B568C1-B220-422C-8C8B-54DA5613F9D1}.Debug|Win32.Build.0 = Debug|Win32
		{E7B568C1-B220-422C-8C8B-54DA5613F9D1}.Release|Win32.ActiveCfg = Release|Win32
		{E7B568C1-B220-422C-8C8B-54DA5613F9D1}.Release|Win32.Build.0 = Release|Win32
		{15E15FBE-2F02-4EBE-91FF-BE551B017B1C}.Debug|Win32.ActiveCfg = Debug|Win32
		{15E15FBE-2F02-4EBE-91FF-BE551B017B1C}.Debug|Win32.Build.0 = Debug|Win32
		{15E15FBE-2F02-4EBE-91FF-BE551B017B1C}.Release|Win32.ActiveCfg = Release|Win32
		{15E15FBE-2F02-4EBE-91FF-BE551B017B1C}.Release|Win32.Build.0 = Release|Win32
		{DDDA5DBA-91B3-4CA0-868F-0B5F7F528CDA}.Debug|Win32.ActiveCfg = Debug|Win32
		{DDDA5DBA-91B3-4CA0-868F-0B5F7F528CDA}.Debug|Win32.Build.0 = Debug|Win32
		{DDDA5DBA-91B3-4CA0-868F-0B5F7F528CDA}.Release|Win32.ActiveCfg = Release|Win32
		{DDDA5DBA-91B3-4CA0-868F-0B5F7F528CDA}.Release|Win32.Build.0 = Release|Win32
		{B42DA809-31BA-4501-8540-60A19BB1A444}.Debug|Win32.ActiveCfg = Debug|Win32
		{B42DA809-31BA-4501-8540-60A19BB1A444}.Debug|Win32.Build.0 = Debug|Win32
		{B42DA809-31BA-4501-8540-60A19BB1A444}.Release|Win32.ActiveCfg = Release|Win32
		{B42DA809-31BA-4501-8540-60A19BB1A444}.Release|Win32.Build.0 = Release|Win32
		{B784FF9B-3FCF-4E98-A6F9-FF9E4DA8CD6A}.Debug|Win32.ActiveCfg = Debug|Win32
		{B784FF9B-3FCF-4E98-A6F9-FF9E4DA8CD6A}.Debug|Win32.Build.0 = Debug|Win32
		{B784FF9B-3FCF-4E98-A6F9-FF9E4DA8CD6A}.Release|Win32.ActiveCfg = Release|Win32
		{B784FF9B-3FCF-4E98-A6F9-FF9E4DA8CD6A}.Release|Win32.Build.0 = Release|Win32
		{BB294DCD-6585-43F1-9B4F-E55051F3BC8F}.Debug|Win32.ActiveCfg = Debug|Win32
		{BB294DCD-6585-43F1-9B4F-E55051F3BC8F}.Debug|Win32.Build.0 = Debug|Win32
		{BB294DCD-6585-43F1-9B4F-E55051F3BC8F}.Release|Win32.ActiveCfg = Release|Win32
		{BB294DCD-6585-43F1-9B4F-E55051F3BC8F}.Release|Win32.Build.0 = Release|Win32
		{8D300666-BC48-489C-91BF-62D8E67A1696}.Debug|Win32.ActiveCfg = Debug|Win32
		{8D300666-BC48-489C-91BF-62D8E67A1696}.Debug|Win32.Build.0 = Debug|Win32
		{8D300666-BC48-489C-91BF-62D8E67A1696}.Release|Win32.ActiveCfg = Release|Win32
		{8D300666-BC48-489C-91BF-62D8E67A1696}.Release|Win32.Build.0 = Release|Win32
		{81422845-1018-4E55-8045-FE5545CE8862}.Debug|Win32.ActiveCfg = Debug|Win32
		{81422845-1018-4E55-8045-FE5545CE8862}.Debug|Win32.Build.0 = Debug|Win32
		{81422845-1018-4E55-8045-FE5545CE8862}.Release|Win32.ActiveCfg = Release|Win32
		{81422845-1018-4E55-8045-FE5545CE8862}.Release|Win32.Build.0 = Release|Win32
		{8F115AC8-0FAB-4EDD-90D7-147490BC547A}.Debug|Win32.ActiveCfg = Debug|Win32
		{8F115AC8-0FAB-4EDD-90D7-147490BC547A}.Debug|Win32.Build.0 = Debug|Win32
		{8F115AC8-0FAB-4EDD-90D7-147490BC547A}.Release|Win32.ActiveCfg = Release|Win32
		{8F115AC8-0FAB-4EDD-90D7-147490BC547A}.Release|Win32.Build.0 = Release|Win32
		{2753919C-815D-46A5-BDC0-56C3116E7B3B}.Debug|Win32.ActiveCfg = Debug|Win32
		{2753919C-815D-46A5-BDC0-56C3116E7B3B}.Debug|Win32.Build.0 = Debug|Win32
		{2753919C-815D-46A5-BDC0-56C3116E7B3B}.Release|Win32.ActiveCfg = Release|Win32
		{2753919C-815D-46A5-BDC0-56C3116E7B3B}.Release|Win32.Build.0 = Release|Win32
		{F46BE807-8D48-4787-A9CE-6D8D1BD47789}.Debug|Win32.ActiveCfg = Debug|Win32
		{F46BE807-8D48-4787-A9CE-6D8D1BD47789}.Debug|Win32.Build.0 = Debug|Win32
		{F46BE807-8D48-4787-A9CE-6D8D1BD47789}.Release|Win32.ActiveCfg = Release|Win32
		{F46BE807-8D48-4787-A9CE-6D8D1BD47789}.Release|Win32.Build.0 = Release|Win32
		{C9CE6987-17D8-4EB2-ABEE-838E08FA95CB}.Debug|Win32.ActiveCfg = Debug|Win32
		{C9CE6987-17D8-4EB2-ABEE-838E08FA95CB}.Debug|Win32.Build.0 = Debug|Win32
		{C9CE6987-17D8-4EB2-ABEE-838E08FA95CB}.Release|Win32.ActiveCfg = Release|Win32
		{C9CE6987-17D8-4EB2-ABEE-838E08FA95CB}.Release|Win32.Build.0 = Release|Win32
		{C3772738-7055-49E7-A62F-F519EF4E0F83}.Debug|Win32.ActiveCfg = Debug|Win32
		{C3772738-7055-49E7-A62F-F519EF4E0F83}.Debug|Win32.Build.0 = Debug|Win32
		{C3772738-7055-49E7-A62F-F519EF4E0F83}.Release|Win32.ActiveCfg = Release|Win32
		{C3772738-7055-49E7-A62F-F519EF4E0F83}.Release|Win32.Build.0 = Release|Win32
		{6270AD1B-D37B-48C0-B0B8-02987E88EBAC}.Debug|Win32.ActiveCfg = Debug|Win32
		{6270AD1B-D37B-48C0-B0B8-02987E88EBAC}.Debug|Win32.Build.0 = Debug|Win32
		{6270AD1B-D37B-48C0-B0B8-02987E88EBAC}.Release|Win32.ActiveCfg = Release|Win32
		{6270AD1B-D37B-48C0-B0B8-02987E88EBAC}.Release|Win32.Build.0 = Release|Win32
		{9D7384DA-C09C-439E-B316-F80A9C5D8F06}.Debug|Win32.ActiveCfg = Debug|Win32
		{9D7384DA-C09C-439E-B316-F80A9C5D8F06}.Debug|Win32.Build.0 = Debug|Win32
		{9D7384DA-C09C-439E-B316-F80A9C5D8F06}.Release|Win32.ActiveCfg = Release|Win32
		{9D7384DA-C09C-439E-B316-F80A9C5D8F06}.Release|Win32.Build.0 = Release|Win32
		{579167E6-B6F9-4DF0-9ABD-641A9DD54D68}.Debug|Win32.ActiveCfg = Debug|Win32
		{579167E6-B6F9-4DF0-9ABD-641A9DD54D68}.Debug|Win32.Build.0 = Debug|Win32
		{579167E6-B6F9-4DF0-9ABD-641A9DD54D68}.Release|Win32.ActiveCfg = Release|Win32
		{579167E6-B6F9-4DF0-9ABD-641A9DD54D68}.Release|Win32.Build.0 = Release|Win32
		{EA95E9DB-3F3E-494D-80FB-1865D5867B54}.Debug|Win32.ActiveCfg = Debug|Win32
		{EA95E9DB-3F3E-494D-80FB-1865D5867B54}.Debug|Win32.Build.0 = Debug|Win32
		{EA95E9DB-3F3E-494D-80FB-1865D5867B54}.Release|Win32.ActiveCfg = Release|Win32
		{EA95E9DB-3F3E-494D-80FB-1865D5867B54}.Release|Win32.Build.0 = Release|Win32
		{5448532F-E43D-41E3-BAAC-88B16EF157E7}.Debug|Win32.ActiveCfg = Debug|Win32
		{5448532F-E43D-41E3-BAAC-88B16EF157E7}.Debug|Win32.Build.0 = Debug|Win32
		{5448532F-E43D-41E3-BAAC-88B16EF157E7}.Release|Win32.ActiveCfg = Release|Win32
		{5448532F-E43D-41E3-BAAC-88B16EF157E7}.Release|Win32.Build.0 = Release|Win32
		{1E3D5089-649F-49D8-9372-224790F83A61}.Debug|Win32.ActiveCfg = Debug|Win32
		{1E3D5089-649F-49D8-9372-224790F83A61}.Debug|Win32.Build.0 = Debug|Win32
		{1E3D5089-649F-49D8-9372-224790F83A61}.Release|Win32.ActiveCfg = Release|Win32
		{1E3D5089-649F-49D8-9372-224790F83A61}.Release|Win32.Build.0 = Release|Win32
		{A958131C-3137-42E3-8904-0BA844283949}.Debug|Win32.ActiveCfg = Debug|Win32
		{A958131C-3137-42E3-8904-0BA844283949}.Debug|Win32.Build.0 = Debug|Win32
		{A958131C-3137-42E3-8904-0BA844283949}.Release|Win32.ActiveCfg = Release|Win32
		{A958131C-3137-42E3-8904-0BA844283949}.Release|Win32.Build.0 = Release|Win32
		{C470A423-EC10-4ACD-BAD0-28506628F520}.Debug|Win32.ActiveCfg = Debug|Win32
		{C470A423-EC10-4ACD-BAD0-28506628F520}.Debug|Win32.Build.0 = Debug|Win32
		{C470A423-EC10-4ACD-BAD0-28506628F520}.Release|Win32.ActiveCfg = Release|Win32
		{C470A423-EC10-4ACD-BAD0-28506628F520}.Release|Win32.Build.0 = Release|Win32
		{2A6F1243-560A-4F27-ABCC-A5C3973AD8AC}.Debug|Win32.ActiveCfg = Debug|Win32
		{2A6F1243-560A-4F27-ABCC-A5C3973AD8AC}.Debug|Win32.Build.0 = Debug|Win32
		{2A6F1243-560A-4F27-ABCC-A5C3973AD8AC}.Release|Win32.ActiveCfg = Release|Win32
		{2A6F1243-560A-4F27-ABCC-A5C3973AD8AC}.Release|Win32.Build.0 = Release|Win32
		{00D80F04-FEC9-4CD0-BD4A-F345A0CE5762}.Debug|Win32.ActiveCfg = Debug|Win32
		{00D80F04-FEC9-4CD0-BD4A-F345A0CE5762}.Debug|Win32.Build.0 = Debug|Win32
		{00D80F04-FEC9-4CD0-BD4A-F345A0CE5762}.Release|Win32.ActiveCfg = Release|Win32
		{00D80F04-FEC9-4CD0-BD4A-F345A0CE5762}.Release|Win32.Build.0 = Release|Win32
		{CAAA6DDF-2DED-4668-B40B-120DCC0D61C2}.Debug|Win32.ActiveCfg = Debug|Win32
		{CAAA6DDF-2DED-4668-B40B-120DCC0D61C2}.Debug|Win32.Build.0 = Debug|Win32
		{CAAA6DDF-2DED-4668-B40B-120DCC0D61C2}.Release|Win32.ActiveCfg = Release|Win32
		{CAAA6DDF-2DED-4668-B40B-120DCC0D61C2}.Release|Win32.Build.0 = Release|Win32
		{4FECC30A-9D6A-405C-9F72-A3C95A09453C}.Debug|Win32.ActiveCfg = Debug|Win32
		{4FECC30A-9D6A-405C-9F72-A3C95A09453C}.Debug|Win32.Build.0 = Debug|Win32
		{4FECC30A-9D6A-405C-9F72-A3C95A09453C}.Release|Win32.ActiveCfg = Release|Win32
		{4FECC30A-9D6A-405C-9F72-A3C95A09453C}.Release|Win32.Build.0 = Release|Win32
		{8B7A7B90-4114-423C-8B57-E02FE2E91896}.Debug|Win32.ActiveCfg = Debug|Win32
		{8B7A7B90-4114-423C-8B57-E02FE2E91896}.Debug|Win32.Build.0 = Debug|Win32
		{8B7A7B90-4114-423C-8B57-E02FE2E91896}.Release|Win32.ActiveCfg = Release|Win32
		{8B7A7B90-4114-423C-8B57-E02FE2E91896}.Release|Win32.Build.0 = Release|Win32
		{7CBCD84B-FF43-461E-A228-CFDCC1D75BEE}.Debug|Win32.ActiveCfg = Debug|Win32
		{7CBCD84B-FF43-461E-A228-CFDCC1D75BEE}.Debug|Win32.Build.0 = Debug|Win32
		{7CBCD84B-FF43-461E-A228-CFDCC1D75BEE}.Release|Win32.ActiveCfg = Release|Win32
		{7CBCD84B-FF43-461E-A228-CFDCC1D75BEE}.Release|Win32.Build.0 = Release|Win32
		{D917C765-8D11-45FF-995A-3033CF203B6F}.Debug|Win32.ActiveCfg = Debug|Win32
		{D917C765-8D11-45FF-995A-3033CF203B6F}.Debug|Win32.Build.0 = Debug|Win32
		{D917C765-8D11-45FF-995A-3033CF203B6F}.Release|Win32.ActiveCfg = Release|Win32
		{D917C765-8D11-45FF-995A-3033CF203B6F}.Release|Win32.Build.0 = Release|Win32
		{D47D5399-7301-432B-867D-2CFC0BE8220E}.Debug|Win32.ActiveCfg = Debug|Win32
		{D47D5399-7301-432B-867D-2CFC0BE8220E}.Debug|Win32.Build.0 = Debug|Win32
		{D47D5399-7301-432B-867D-2CFC0BE8220E}.Release|Win32.ActiveCfg = Release|Win32
		{D47D5399-7301-432B-867D-2CFC0BE8220E}.Release|Win32.Build.0 = Release|Win32
		{EC3069A2-2997-4C8D-A07B-0206933E69B9}.Debug|Win32.ActiveCfg = Debug|Win32
		{EC3069A2-2997-4C8D-A07B-0206933E69B9}.Debug|Win32.Build.0 = Debug|Win32
		{EC3069A2-2997-4C8D-A07B-0206933E69B9}.Release|Win32.ActiveCfg = Release|Win32
		{EC3069A2-2997-4C8D-A07B-0206933E69B9}.Release|Win32.Build.0 = Release|Win32
		{9693FC2C-9D34-4982-9010-4782A3D5ADAF}.Debug|Win32.ActiveCfg = Debug|Win32
		{9693FC2C-9D34-4982-9010-4782A3D5ADAF}.Debug|Win32.Build.0 = Debug|Win32
		{9693FC2C-9D34-4982-9010-4782A3D5ADAF}.Release|Win32.ActiveCfg = Release|Win32
		{9693FC2C-9D34-4982-9010-4782A3D5ADAF}.Release|Win32.Build.0 = Release|Win32
		{3516F071-319E-4288-9DFE-82C6B016F749}.Debug|Win32.ActiveCfg = Debug|Win32
		{3516F071-319E-4288-9DFE-82C6B016F749}.Debug|Win32.Build.0 = Debug|Win32
		{3516F071-319E-4288-9DFE-82C6B016F749}.Release|Win32.ActiveCfg = Release|Win32
		{3516F071-319E-4288-9DFE-82C6B016F749}.Release|Win32.Build.0 = Release|Win32
		{131CAAD5-E292-4E5F-89C3-152FE88C416A}.Debug|Win32.ActiveCfg = Debug|Win32
		{131CAAD5-E292-4E5F-89C3-152FE88C416A}.Debug|Win32.Build.0 = Debug|Win32
		{131CAAD5-E292-4E5F-89C3-152FE88C416A}.Release|Win32.ActiveCfg = Release|Win32
		{131CAAD5-E292-4E5F-89C3-152FE88C416A}.Release|Win32.Build.0 = Release|Win32
		{8C7FD30B-38A3-45A2-81BA-71AED6219B8E}.Debug|Win32.ActiveCfg = Debug|Win32
		{8C7FD30B-38A3-45A2-81BA-71AED6219B8E}.Debug|Win32.Build.0 = Debug|Win32
		{8C7FD30B-38A3-45A2-81BA-71AED6219B8E}.Release|Win32.ActiveCfg = Release|Win32
		{8C7FD30B-38A3-45A2-81BA-71AED6219B8E}.Release|Win32.Build.0 = Release|Win32
		{05E85FFA-D91C-4DBC-AE2D-9C97F263856E}.Debug|Win32.ActiveCfg = Debug|Win32
		{05E85FFA-D91C-4DBC-AE2D-9C97F263856E}.Debug|Win32.Build.0 = Debug|Win32
		{05E85FFA-D91C-4DBC-AE2D-9C97F263856E}.Release|Win32.ActiveCfg = Release|Win32
		{05E85FFA-D91C-4DBC-AE2D-9C97F263856E}.Release|Win32.Build.0 = Release|Win32
		{66568ADB-EDE2-4B74-BD60-26CB0B12A713}.Debug|Win32.ActiveCfg = Debug|Win32
		{66568ADB-EDE2-4B74-BD60-26CB0B12A713}.Debug|Win32.Build.0 = Debug|Win32
		{66568ADB-EDE2-4B74-BD60-26CB0B12A713}.Release|Win32.ActiveCfg = Release|Win32
		{66568ADB-EDE2-4B74-BD60-26CB0B12A713}.Release|Win32.Build.0 = Release|Win32
	EndGlobalSection
	GlobalSection(SolutionProperties) = preSolution
		HideSolutionNode = FALSE
	EndGlobalSection
EndGlobal
